
Microsoft Visual Studio Solution File, Format Version 12.00
# Visual Studio Version 17
VisualStudioVersion = 17.14.36221.1
MinimumVisualStudioVersion = 10.0.40219.1
Project("{FAE04EC0-301F-11D3-BF4B-00C04F79EFBC}") = "Task4", "Task4\Task4.csproj", "{F2B0ACEE-FAFB-4128-8DA0-8D7D2D5AD608}"
EndProject
Project("{FAE04EC0-301F-11D3-BF4B-00C04F79EFBC}") = "Task5", "Task5\Task5.csproj", "{1C1F9132-9590-47F1-8372-946FA07EAFA2}"
EndProject
Global
	GlobalSection(SolutionConfigurationPlatforms) = preSolution
		Debug|Any CPU = Debug|Any CPU
		Release|Any CPU = Release|Any CPU
	EndGlobalSection
	GlobalSection(ProjectConfigurationPlatforms) = postSolution
		{F2B0ACEE-FAFB-4128-8DA0-8D7D2D5AD608}.Debug|Any CPU.ActiveCfg = Debug|Any CPU
		{F2B0ACEE-FAFB-4128-8DA0-8D7D2D5AD608}.Debug|Any CPU.Build.0 = Debug|Any CPU
		{F2B0ACEE-FAFB-4128-8DA0-8D7D2D5AD608}.Release|Any CPU.ActiveCfg = Release|Any CPU
		{F2B0ACEE-FAFB-4128-8DA0-8D7D2D5AD608}.Release|Any CPU.Build.0 = Release|Any CPU
		{1C1F9132-9590-47F1-8372-946FA07EAFA2}.Debug|Any CPU.ActiveCfg = Debug|Any CPU
		{1C1F9132-9590-47F1-8372-946FA07EAFA2}.Debug|Any CPU.Build.0 = Debug|Any CPU
		{1C1F9132-9590-47F1-8372-946FA07EAFA2}.Release|Any CPU.ActiveCfg = Release|Any CPU
		{1C1F9132-9590-47F1-8372-946FA07EAFA2}.Release|Any CPU.Build.0 = Release|Any CPU
	EndGlobalSection
	GlobalSection(SolutionProperties) = preSolution
		HideSolutionNode = FALSE
	EndGlobalSection
	GlobalSection(ExtensibilityGlobals) = postSolution
		SolutionGuid = {23AA5499-4BE3-438D-9120-1A268120A33C}
	EndGlobalSection
EndGlobal
